PODS:
  - Alamofire (4.6.0)
  - ObjectMapper (2.2.9)
  - ObjectMapper_RealmSwift (0.1.1):
    - ObjectMapper (~> 2.2)
    - RealmSwift (~> 2.3)
  - Realm (2.10.2):
    - Realm/Headers (= 2.10.2)
  - Realm/Headers (2.10.2)
  - RealmSwift (2.10.2):
    - Realm (= 2.10.2)
  - SnapKit (4.0.0)

DEPENDENCIES:
  - Alamofire (~> 4.5)
  - ObjectMapper (~> 2.2.9)
  - ObjectMapper_RealmSwift (~> 0.1.0)
  - RealmSwift (~> 2.3)
  - SnapKit (~> 4.0.0)

SPEC CHECKSUMS:
  Alamofire: f41a599bd63041760b26d393ec1069d9d7b917f4
  ObjectMapper: 63cfe41bc6f8e7c8f44344c49901b8ae7de14c52
  ObjectMapper_RealmSwift: 0441cec446754c58d8cf55f177311144f011f72c
  Realm: 0ef72b837fb67e9f4b098bac771ddd72c7fdbb69
  RealmSwift: 07a9ae0505091eda6b2ee7c190c3786d6e90a7b0
  SnapKit: a42d492c16e80209130a3379f73596c3454b7694

PODFILE CHECKSUM: dddce99aa060b1b2fc37a18dcb7e3a63f7931f90

COCOAPODS: 1.4.0.beta.2
