// !$*UTF8*$!
{
	archiveVersion = 1;
	classes = {
	};
	objectVersion = 48;
	objects = {

/* Begin PBXBuildFile section */
		24C80A802010A83000E359DB /* AppDelegate.swift in Sources */ = {isa = PBXBuildFile; fileRef = 24C80A7F2010A83000E359DB /* AppDelegate.swift */; };
		24C80A852010A83000E359DB /* Main.storyboard in Resources */ = {isa = PBXBuildFile; fileRef = 24C80A832010A83000E359DB /* Main.storyboard */; };
		24C80A872010A83000E359DB /* Assets.xcassets in Resources */ = {isa = PBXBuildFile; fileRef = 24C80A862010A83000E359DB /* Assets.xcassets */; };
		24C80A8A2010A83000E359DB /* LaunchScreen.storyboard in Resources */ = {isa = PBXBuildFile; fileRef = 24C80A882010A83000E359DB /* LaunchScreen.storyboard */; };
		24C80A962010AD2800E359DB /* BaseViewController.swift in Sources */ = {isa = PBXBuildFile; fileRef = 24C80A952010AD2800E359DB /* BaseViewController.swift */; };
		24C80A982010AD3400E359DB /* IntroViewController.swift in Sources */ = {isa = PBXBuildFile; fileRef = 24C80A972010AD3400E359DB /* IntroViewController.swift */; };
		24C80A9A2010AD8B00E359DB /* PokemonCollectionViewController.swift in Sources */ = {isa = PBXBuildFile; fileRef = 24C80A992010AD8B00E359DB /* PokemonCollectionViewController.swift */; };
		24C80A9C2010AD9800E359DB /* SlotMachineViewController.swift in Sources */ = {isa = PBXBuildFile; fileRef = 24C80A9B2010AD9800E359DB /* SlotMachineViewController.swift */; };
		24C80A9E2010ADA100E359DB /* SuccessViewController.swift in Sources */ = {isa = PBXBuildFile; fileRef = 24C80A9D2010ADA100E359DB /* SuccessViewController.swift */; };
		24C80AA42010AEC000E359DB /* NetworkClient.swift in Sources */ = {isa = PBXBuildFile; fileRef = 24C80AA32010AEC000E359DB /* NetworkClient.swift */; };
		24C80AA62010AEF900E359DB /* Environment.swift in Sources */ = {isa = PBXBuildFile; fileRef = 24C80AA52010AEF900E359DB /* Environment.swift */; };
		24C80AA82010AFD700E359DB /* Pokemon.swift in Sources */ = {isa = PBXBuildFile; fileRef = 24C80AA72010AFD700E359DB /* Pokemon.swift */; };
		24C80AAC2010B04900E359DB /* Futura.ttc in Resources */ = {isa = PBXBuildFile; fileRef = 24C80AAA2010B04900E359DB /* Futura.ttc */; };
		24C80AAD2010B04900E359DB /* Futura-Light.ttf in Resources */ = {isa = PBXBuildFile; fileRef = 24C80AAB2010B04900E359DB /* Futura-Light.ttf */; };
		24C80AB12010BAF700E359DB /* AppColors.swift in Sources */ = {isa = PBXBuildFile; fileRef = 24C80AB02010BAF700E359DB /* AppColors.swift */; };
		24C80AB32010BCFB00E359DB /* Constants.swift in Sources */ = {isa = PBXBuildFile; fileRef = 24C80AB22010BCFB00E359DB /* Constants.swift */; };
		24C80AB52010C55E00E359DB /* ScreenDismissable.swift in Sources */ = {isa = PBXBuildFile; fileRef = 24C80AB42010C55E00E359DB /* ScreenDismissable.swift */; };
		24C80AB72010C7E700E359DB /* PokemonCollectionViewCell.swift in Sources */ = {isa = PBXBuildFile; fileRef = 24C80AB62010C7E700E359DB /* PokemonCollectionViewCell.swift */; };
/* End PBXBuildFile section */

/* Begin PBXFileReference section */
		24C80A7C2010A83000E359DB /* PokeSpin.app */ = {isa = PBXFileReference; explicitFileType = wrapper.application; includeInIndex = 0; path = PokeSpin.app; sourceTree = BUILT_PRODUCTS_DIR; };
		24C80A7F2010A83000E359DB /* AppDelegate.swift */ = {isa = PBXFileReference; lastKnownFileType = sourcecode.swift; path = AppDelegate.swift; sourceTree = "<group>"; };
		24C80A842010A83000E359DB /* Base */ = {isa = PBXFileReference; lastKnownFileType = file.storyboard; name = Base; path = Base.lproj/Main.storyboard; sourceTree = "<group>"; };
		24C80A862010A83000E359DB /* Assets.xcassets */ = {isa = PBXFileReference; lastKnownFileType = folder.assetcatalog; path = Assets.xcassets; sourceTree = "<group>"; };
		24C80A892010A83000E359DB /* Base */ = {isa = PBXFileReference; lastKnownFileType = file.storyboard; name = Base; path = Base.lproj/LaunchScreen.storyboard; sourceTree = "<group>"; };
		24C80A8B2010A83000E359DB /* Info.plist */ = {isa = PBXFileReference; lastKnownFileType = text.plist.xml; path = Info.plist; sourceTree = "<group>"; };
		24C80A952010AD2800E359DB /* BaseViewController.swift */ = {isa = PBXFileReference; fileEncoding = 4; lastKnownFileType = sourcecode.swift; path = BaseViewController.swift; sourceTree = "<group>"; };
		24C80A972010AD3400E359DB /* IntroViewController.swift */ = {isa = PBXFileReference; lastKnownFileType = sourcecode.swift; path = IntroViewController.swift; sourceTree = "<group>"; };
		24C80A992010AD8B00E359DB /* PokemonCollectionViewController.swift */ = {isa = PBXFileReference; lastKnownFileType = sourcecode.swift; path = PokemonCollectionViewController.swift; sourceTree = "<group>"; };
		24C80A9B2010AD9800E359DB /* SlotMachineViewController.swift */ = {isa = PBXFileReference; lastKnownFileType = sourcecode.swift; path = SlotMachineViewController.swift; sourceTree = "<group>"; };
		24C80A9D2010ADA100E359DB /* SuccessViewController.swift */ = {isa = PBXFileReference; lastKnownFileType = sourcecode.swift; path = SuccessViewController.swift; sourceTree = "<group>"; };
		24C80AA32010AEC000E359DB /* NetworkClient.swift */ = {isa = PBXFileReference; lastKnownFileType = sourcecode.swift; path = NetworkClient.swift; sourceTree = "<group>"; };
		24C80AA52010AEF900E359DB /* Environment.swift */ = {isa = PBXFileReference; lastKnownFileType = sourcecode.swift; path = Environment.swift; sourceTree = "<group>"; };
		24C80AA72010AFD700E359DB /* Pokemon.swift */ = {isa = PBXFileReference; lastKnownFileType = sourcecode.swift; path = Pokemon.swift; sourceTree = "<group>"; };
		24C80AAA2010B04900E359DB /* Futura.ttc */ = {isa = PBXFileReference; lastKnownFileType = file; path = Futura.ttc; sourceTree = "<group>"; };
		24C80AAB2010B04900E359DB /* Futura-Light.ttf */ = {isa = PBXFileReference; lastKnownFileType = file; path = "Futura-Light.ttf"; sourceTree = "<group>"; };
		24C80AB02010BAF700E359DB /* AppColors.swift */ = {isa = PBXFileReference; lastKnownFileType = sourcecode.swift; path = AppColors.swift; sourceTree = "<group>"; };
		24C80AB22010BCFB00E359DB /* Constants.swift */ = {isa = PBXFileReference; lastKnownFileType = sourcecode.swift; path = Constants.swift; sourceTree = "<group>"; };
		24C80AB42010C55E00E359DB /* ScreenDismissable.swift */ = {isa = PBXFileReference; lastKnownFileType = sourcecode.swift; path = ScreenDismissable.swift; sourceTree = "<group>"; };
		24C80AB62010C7E700E359DB /* PokemonCollectionViewCell.swift */ = {isa = PBXFileReference; lastKnownFileType = sourcecode.swift; path = PokemonCollectionViewCell.swift; sourceTree = "<group>"; };
/* End PBXFileReference section */

/* Begin PBXFrameworksBuildPhase section */
		24C80A792010A83000E359DB /* Frameworks */ = {
			isa = PBXFrameworksBuildPhase;
			buildActionMask = 2147483647;
			files = (
			);
			runOnlyForDeploymentPostprocessing = 0;
		};
/* End PBXFrameworksBuildPhase section */

/* Begin PBXGroup section */
		24C80A732010A83000E359DB = {
			isa = PBXGroup;
			children = (
				24C80A7E2010A83000E359DB /* PokeSpin */,
				24C80A7D2010A83000E359DB /* Products */,
			);
			sourceTree = "<group>";
		};
		24C80A7D2010A83000E359DB /* Products */ = {
			isa = PBXGroup;
			children = (
				24C80A7C2010A83000E359DB /* PokeSpin.app */,
			);
			name = Products;
			sourceTree = "<group>";
		};
		24C80A7E2010A83000E359DB /* PokeSpin */ = {
			isa = PBXGroup;
			children = (
				24C80AAF2010BAC700E359DB /* Protocols */,
				24C80AAE2010BAC100E359DB /* Extensions */,
				24C80A942010AD0A00E359DB /* Resources */,
				24C80A912010ACD000E359DB /* Model */,
				24C80A922010ACD800E359DB /* View */,
				24C80A932010ACE200E359DB /* Controller */,
				24C80A7F2010A83000E359DB /* AppDelegate.swift */,
				24C80A832010A83000E359DB /* Main.storyboard */,
				24C80A862010A83000E359DB /* Assets.xcassets */,
				24C80A882010A83000E359DB /* LaunchScreen.storyboard */,
				24C80A8B2010A83000E359DB /* Info.plist */,
			);
			path = PokeSpin;
			sourceTree = "<group>";
		};
		24C80A912010ACD000E359DB /* Model */ = {
			isa = PBXGroup;
			children = (
				24C80AA22010AEB600E359DB /* Environment */,
				24C80AA12010AEA400E359DB /* Database */,
				24C80A9F2010AE0C00E359DB /* Network */,
			);
			path = Model;
			sourceTree = "<group>";
		};
		24C80A922010ACD800E359DB /* View */ = {
			isa = PBXGroup;
			children = (
				24C80AB62010C7E700E359DB /* PokemonCollectionViewCell.swift */,
			);
			path = View;
			sourceTree = "<group>";
		};
		24C80A932010ACE200E359DB /* Controller */ = {
			isa = PBXGroup;
			children = (
				24C80A952010AD2800E359DB /* BaseViewController.swift */,
				24C80A972010AD3400E359DB /* IntroViewController.swift */,
				24C80A992010AD8B00E359DB /* PokemonCollectionViewController.swift */,
				24C80A9B2010AD9800E359DB /* SlotMachineViewController.swift */,
				24C80A9D2010ADA100E359DB /* SuccessViewController.swift */,
			);
			path = Controller;
			sourceTree = "<group>";
		};
		24C80A942010AD0A00E359DB /* Resources */ = {
			isa = PBXGroup;
			children = (
				24C80AA92010B04900E359DB /* Fonts */,
			);
			path = Resources;
			sourceTree = "<group>";
		};
		24C80A9F2010AE0C00E359DB /* Network */ = {
			isa = PBXGroup;
			children = (
				24C80AA32010AEC000E359DB /* NetworkClient.swift */,
			);
			path = Network;
			sourceTree = "<group>";
		};
		24C80AA12010AEA400E359DB /* Database */ = {
			isa = PBXGroup;
			children = (
				24C80AA72010AFD700E359DB /* Pokemon.swift */,
			);
			path = Database;
			sourceTree = "<group>";
		};
		24C80AA22010AEB600E359DB /* Environment */ = {
			isa = PBXGroup;
			children = (
				24C80AA52010AEF900E359DB /* Environment.swift */,
				24C80AB22010BCFB00E359DB /* Constants.swift */,
			);
			path = Environment;
			sourceTree = "<group>";
		};
		24C80AA92010B04900E359DB /* Fonts */ = {
			isa = PBXGroup;
			children = (
				24C80AAA2010B04900E359DB /* Futura.ttc */,
				24C80AAB2010B04900E359DB /* Futura-Light.ttf */,
			);
			path = Fonts;
			sourceTree = "<group>";
		};
		24C80AAE2010BAC100E359DB /* Extensions */ = {
			isa = PBXGroup;
			children = (
				24C80AB02010BAF700E359DB /* AppColors.swift */,
			);
			path = Extensions;
			sourceTree = "<group>";
		};
		24C80AAF2010BAC700E359DB /* Protocols */ = {
			isa = PBXGroup;
			children = (
				24C80AB42010C55E00E359DB /* ScreenDismissable.swift */,
			);
			path = Protocols;
			sourceTree = "<group>";
		};
/* End PBXGroup section */

/* Begin PBXNativeTarget section */
		24C80A7B2010A83000E359DB /* PokeSpin */ = {
			isa = PBXNativeTarget;
			buildConfigurationList = 24C80A8E2010A83000E359DB /* Build configuration list for PBXNativeTarget "PokeSpin" */;
			buildPhases = (
				24C80A782010A83000E359DB /* Sources */,
				24C80A792010A83000E359DB /* Frameworks */,
				24C80A7A2010A83000E359DB /* Resources */,
			);
			buildRules = (
			);
			dependencies = (
			);
			name = PokeSpin;
			productName = PokeSpin;
			productReference = 24C80A7C2010A83000E359DB /* PokeSpin.app */;
			productType = "com.apple.product-type.application";
		};
/* End PBXNativeTarget section */

/* Begin PBXProject section */
		24C80A742010A83000E359DB /* Project object */ = {
			isa = PBXProject;
			attributes = {
				LastSwiftUpdateCheck = 0920;
				LastUpgradeCheck = 0920;
				ORGANIZATIONNAME = Ivan;
				TargetAttributes = {
					24C80A7B2010A83000E359DB = {
						CreatedOnToolsVersion = 9.2;
						ProvisioningStyle = Automatic;
					};
				};
			};
			buildConfigurationList = 24C80A772010A83000E359DB /* Build configuration list for PBXProject "PokeSpin" */;
			compatibilityVersion = "Xcode 8.0";
			developmentRegion = en;
			hasScannedForEncodings = 0;
			knownRegions = (
				en,
				Base,
			);
			mainGroup = 24C80A732010A83000E359DB;
			productRefGroup = 24C80A7D2010A83000E359DB /* Products */;
			projectDirPath = "";
			projectRoot = "";
			targets = (
				24C80A7B2010A83000E359DB /* PokeSpin */,
			);
		};
/* End PBXProject section */

/* Begin PBXResourcesBuildPhase section */
		24C80A7A2010A83000E359DB /* Resources */ = {
			isa = PBXResourcesBuildPhase;
			buildActionMask = 2147483647;
			files = (
				24C80A8A2010A83000E359DB /* LaunchScreen.storyboard in Resources */,
				24C80A872010A83000E359DB /* Assets.xcassets in Resources */,
				24C80AAC2010B04900E359DB /* Futura.ttc in Resources */,
				24C80AAD2010B04900E359DB /* Futura-Light.ttf in Resources */,
				24C80A852010A83000E359DB /* Main.storyboard in Resources */,
			);
			runOnlyForDeploymentPostprocessing = 0;
		};
/* End PBXResourcesBuildPhase section */

/* Begin PBXSourcesBuildPhase section */
		24C80A782010A83000E359DB /* Sources */ = {
			isa = PBXSourcesBuildPhase;
			buildActionMask = 2147483647;
			files = (
				24C80A9A2010AD8B00E359DB /* PokemonCollectionViewController.swift in Sources */,
				24C80AB32010BCFB00E359DB /* Constants.swift in Sources */,
				24C80AA62010AEF900E359DB /* Environment.swift in Sources */,
				24C80A982010AD3400E359DB /* IntroViewController.swift in Sources */,
				24C80AB12010BAF700E359DB /* AppColors.swift in Sources */,
				24C80A802010A83000E359DB /* AppDelegate.swift in Sources */,
				24C80AB52010C55E00E359DB /* ScreenDismissable.swift in Sources */,
				24C80A962010AD2800E359DB /* BaseViewController.swift in Sources */,
				24C80AA82010AFD700E359DB /* Pokemon.swift in Sources */,
				24C80AA42010AEC000E359DB /* NetworkClient.swift in Sources */,
				24C80A9E2010ADA100E359DB /* SuccessViewController.swift in Sources */,
				24C80AB72010C7E700E359DB /* PokemonCollectionViewCell.swift in Sources */,
				24C80A9C2010AD9800E359DB /* SlotMachineViewController.swift in Sources */,
			);
			runOnlyForDeploymentPostprocessing = 0;
		};
/* End PBXSourcesBuildPhase section */

/* Begin PBXVariantGroup section */
		24C80A832010A83000E359DB /* Main.storyboard */ = {
			isa = PBXVariantGroup;
			children = (
				24C80A842010A83000E359DB /* Base */,
			);
			name = Main.storyboard;
			sourceTree = "<group>";
		};
		24C80A882010A83000E359DB /* LaunchScreen.storyboard */ = {
			isa = PBXVariantGroup;
			children = (
				24C80A892010A83000E359DB /* Base */,
			);
			name = LaunchScreen.storyboard;
			sourceTree = "<group>";
		};
/* End PBXVariantGroup section */

/* Begin XCBuildConfiguration section */
		24C80A8C2010A83000E359DB /* Debug */ = {
			isa = XCBuildConfiguration;
			buildSettings = {
				ALWAYS_SEARCH_USER_PATHS = NO;
				CLANG_ANALYZER_NONNULL = YES;
				CLANG_ANALYZER_NUMBER_OBJECT_CONVERSION = YES_AGGRESSIVE;
				CLANG_CXX_LANGUAGE_STANDARD = "gnu++14";
				CLANG_CXX_LIBRARY = "libc++";
				CLANG_ENABLE_MODULES = YES;
				CLANG_ENABLE_OBJC_ARC = YES;
				CLANG_WARN_BLOCK_CAPTURE_AUTORELEASING = YES;
				CLANG_WARN_BOOL_CONVERSION = YES;
				CLANG_WARN_COMMA = YES;
				CLANG_WARN_CONSTANT_CONVERSION = YES;
				CLANG_WARN_DIRECT_OBJC_ISA_USAGE = YES_ERROR;
				CLANG_WARN_DOCUMENTATION_COMMENTS = YES;
				CLANG_WARN_EMPTY_BODY = YES;
				CLANG_WARN_ENUM_CONVERSION = YES;
				CLANG_WARN_INFINITE_RECURSION = YES;
				CLANG_WARN_INT_CONVERSION = YES;
				CLANG_WARN_NON_LITERAL_NULL_CONVERSION = YES;
				CLANG_WARN_OBJC_LITERAL_CONVERSION = YES;
				CLANG_WARN_OBJC_ROOT_CLASS = YES_ERROR;
				CLANG_WARN_RANGE_LOOP_ANALYSIS = YES;
				CLANG_WARN_STRICT_PROTOTYPES = YES;
				CLANG_WARN_SUSPICIOUS_MOVE = YES;
				CLANG_WARN_UNGUARDED_AVAILABILITY = YES_AGGRESSIVE;
				CLANG_WARN_UNREACHABLE_CODE = YES;
				CLANG_WARN__DUPLICATE_METHOD_MATCH = YES;
				CODE_SIGN_IDENTITY = "iPhone Developer";
				COPY_PHASE_STRIP = NO;
				DEBUG_INFORMATION_FORMAT = dwarf;
				ENABLE_STRICT_OBJC_MSGSEND = YES;
				ENABLE_TESTABILITY = YES;
				GCC_C_LANGUAGE_STANDARD = gnu11;
				GCC_DYNAMIC_NO_PIC = NO;
				GCC_NO_COMMON_BLOCKS = YES;
				GCC_OPTIMIZATION_LEVEL = 0;
				GCC_PREPROCESSOR_DEFINITIONS = (
					"DEBUG=1",
					"$(inherited)",
				);
				GCC_WARN_64_TO_32_BIT_CONVERSION = YES;
				GCC_WARN_ABOUT_RETURN_TYPE = YES_ERROR;
				GCC_WARN_UNDECLARED_SELECTOR = YES;
				GCC_WARN_UNINITIALIZED_AUTOS = YES_AGGRESSIVE;
				GCC_WARN_UNUSED_FUNCTION = YES;
				GCC_WARN_UNUSED_VARIABLE = YES;
				IPHONEOS_DEPLOYMENT_TARGET = 11.2;
				MTL_ENABLE_DEBUG_INFO = YES;
				ONLY_ACTIVE_ARCH = YES;
				SDKROOT = iphoneos;
				SWIFT_ACTIVE_COMPILATION_CONDITIONS = DEBUG;
				SWIFT_OPTIMIZATION_LEVEL = "-Onone";
			};
			name = Debug;
		};
		24C80A8D2010A83000E359DB /* Release */ = {
			isa = XCBuildConfiguration;
			buildSettings = {
				ALWAYS_SEARCH_USER_PATHS = NO;
				CLANG_ANALYZER_NONNULL = YES;
				CLANG_ANALYZER_NUMBER_OBJECT_CONVERSION = YES_AGGRESSIVE;
				CLANG_CXX_LANGUAGE_STANDARD = "gnu++14";
				CLANG_CXX_LIBRARY = "libc++";
				CLANG_ENABLE_MODULES = YES;
				CLANG_ENABLE_OBJC_ARC = YES;
				CLANG_WARN_BLOCK_CAPTURE_AUTORELEASING = YES;
				CLANG_WARN_BOOL_CONVERSION = YES;
				CLANG_WARN_COMMA = YES;
				CLANG_WARN_CONSTANT_CONVERSION = YES;
				CLANG_WARN_DIRECT_OBJC_ISA_USAGE = YES_ERROR;
				CLANG_WARN_DOCUMENTATION_COMMENTS = YES;
				CLANG_WARN_EMPTY_BODY = YES;
				CLANG_WARN_ENUM_CONVERSION = YES;
				CLANG_WARN_INFINITE_RECURSION = YES;
				CLANG_WARN_INT_CONVERSION = YES;
				CLANG_WARN_NON_LITERAL_NULL_CONVERSION = YES;
				CLANG_WARN_OBJC_LITERAL_CONVERSION = YES;
				CLANG_WARN_OBJC_ROOT_CLASS = YES_ERROR;
				CLANG_WARN_RANGE_LOOP_ANALYSIS = YES;
				CLANG_WARN_STRICT_PROTOTYPES = YES;
				CLANG_WARN_SUSPICIOUS_MOVE = YES;
				CLANG_WARN_UNGUARDED_AVAILABILITY = YES_AGGRESSIVE;
				CLANG_WARN_UNREACHABLE_CODE = YES;
				CLANG_WARN__DUPLICATE_METHOD_MATCH = YES;
				CODE_SIGN_IDENTITY = "iPhone Developer";
				COPY_PHASE_STRIP = NO;
				DEBUG_INFORMATION_FORMAT = "dwarf-with-dsym";
				ENABLE_NS_ASSERTIONS = NO;
				ENABLE_STRICT_OBJC_MSGSEND = YES;
				GCC_C_LANGUAGE_STANDARD = gnu11;
				GCC_NO_COMMON_BLOCKS = YES;
				GCC_WARN_64_TO_32_BIT_CONVERSION = YES;
				GCC_WARN_ABOUT_RETURN_TYPE = YES_ERROR;
				GCC_WARN_UNDECLARED_SELECTOR = YES;
				GCC_WARN_UNINITIALIZED_AUTOS = YES_AGGRESSIVE;
				GCC_WARN_UNUSED_FUNCTION = YES;
				GCC_WARN_UNUSED_VARIABLE = YES;
				IPHONEOS_DEPLOYMENT_TARGET = 11.2;
				MTL_ENABLE_DEBUG_INFO = NO;
				SDKROOT = iphoneos;
				SWIFT_OPTIMIZATION_LEVEL = "-Owholemodule";
				VALIDATE_PRODUCT = YES;
			};
			name = Release;
		};
		24C80A8F2010A83000E359DB /* Debug */ = {
			isa = XCBuildConfiguration;
			buildSettings = {
				ASSETCATALOG_COMPILER_APPICON_NAME = AppIcon;
				CODE_SIGN_STYLE = Automatic;
				INFOPLIST_FILE = PokeSpin/Info.plist;
				LD_RUNPATH_SEARCH_PATHS = "$(inherited) @executable_path/Frameworks";
				PRODUCT_BUNDLE_IDENTIFIER = cz.ivna.PokeSpin;
				PRODUCT_NAME = "$(TARGET_NAME)";
				SWIFT_VERSION = 5.0;
				TARGETED_DEVICE_FAMILY = "1,2";
			};
			name = Debug;
		};
		24C80A902010A83000E359DB /* Release */ = {
			isa = XCBuildConfiguration;
			buildSettings = {
				ASSETCATALOG_COMPILER_APPICON_NAME = AppIcon;
				CODE_SIGN_STYLE = Automatic;
				INFOPLIST_FILE = PokeSpin/Info.plist;
				LD_RUNPATH_SEARCH_PATHS = "$(inherited) @executable_path/Frameworks";
				PRODUCT_BUNDLE_IDENTIFIER = cz.ivna.PokeSpin;
				PRODUCT_NAME = "$(TARGET_NAME)";
				SWIFT_VERSION = 5.0;
				TARGETED_DEVICE_FAMILY = "1,2";
			};
			name = Release;
		};
/* End XCBuildConfiguration section */

/* Begin XCConfigurationList section */
		24C80A772010A83000E359DB /* Build configuration list for PBXProject "PokeSpin" */ = {
			isa = XCConfigurationList;
			buildConfigurations = (
				24C80A8C2010A83000E359DB /* Debug */,
				24C80A8D2010A83000E359DB /* Release */,
			);
			defaultConfigurationIsVisible = 0;
			defaultConfigurationName = Release;
		};
		24C80A8E2010A83000E359DB /* Build configuration list for PBXNativeTarget "PokeSpin" */ = {
			isa = XCConfigurationList;
			buildConfigurations = (
				24C80A8F2010A83000E359DB /* Debug */,
				24C80A902010A83000E359DB /* Release */,
			);
			defaultConfigurationIsVisible = 0;
			defaultConfigurationName = Release;
		};
/* End XCConfigurationList section */
	};
	rootObject = 24C80A742010A83000E359DB /* Project object */;
}
